
Microsoft Visual Studio Solution File, Format Version 12.00
# Visual Studio 15
VisualStudioVersion = 15.0.28010.2016
MinimumVisualStudioVersion = 10.0.40219.1
Project("{9A19103F-16F7-4668-BE54-9A1E7A4F7556}") = "XPlat.Storage.Portable", "XPlat.Storage.Portable\XPlat.Storage.Portable.csproj", "{CD311916-94FB-4F55-AEFE-37FDAE58DF60}"
EndProject
Project("{FAE04EC0-301F-11D3-BF4B-00C04F79EFBC}") = "XPlat.Storage.UWP", "..\XPlat-Windows-APIs\XPlat.Storage.UWP\XPlat.Storage.UWP.csproj", "{323E6055-DDAA-4A02-BD78-A60DC20F4ABB}"
EndProject
Project("{FAE04EC0-301F-11D3-BF4B-00C04F79EFBC}") = "XPlat.Storage.Common", "..\XPlat-Windows-APIs\XPlat.Storage.Common\XPlat.Storage.Common.csproj", "{3F0A5ECC-70F4-4118-8EBD-E513764448B1}"
EndProject
Global
	GlobalSection(SolutionConfigurationPlatforms) = preSolution
		Debug|Any CPU = Debug|Any CPU
		Debug|ARM = Debug|ARM
		Debug|x64 = Debug|x64
		Debug|x86 = Debug|x86
		Release|Any CPU = Release|Any CPU
		Release|ARM = Release|ARM
		Release|x64 = Release|x64
		Release|x86 = Release|x86
	EndGlobalSection
	GlobalSection(ProjectConfigurationPlatforms) = postSolution
		{CD311916-94FB-4F55-AEFE-37FDAE58DF60}.Debug|Any CPU.ActiveCfg = Debug|Any CPU
		{CD311916-94FB-4F55-AEFE-37FDAE58DF60}.Debug|Any CPU.Build.0 = Debug|Any CPU
		{CD311916-94FB-4F55-AEFE-37FDAE58DF60}.Debug|ARM.ActiveCfg = Debug|Any CPU
		{CD311916-94FB-4F55-AEFE-37FDAE58DF60}.Debug|ARM.Build.0 = Debug|Any CPU
		{CD311916-94FB-4F55-AEFE-37FDAE58DF60}.Debug|x64.ActiveCfg = Debug|Any CPU
		{CD311916-94FB-4F55-AEFE-37FDAE58DF60}.Debug|x64.Build.0 = Debug|Any CPU
		{CD311916-94FB-4F55-AEFE-37FDAE58DF60}.Debug|x86.ActiveCfg = Debug|Any CPU
		{CD311916-94FB-4F55-AEFE-37FDAE58DF60}.Debug|x86.Build.0 = Debug|Any CPU
		{CD311916-94FB-4F55-AEFE-37FDAE58DF60}.Release|Any CPU.ActiveCfg = Release|Any CPU
		{CD311916-94FB-4F55-AEFE-37FDAE58DF60}.Release|Any CPU.Build.0 = Release|Any CPU
		{CD311916-94FB-4F55-AEFE-37FDAE58DF60}.Release|ARM.ActiveCfg = Release|Any CPU
		{CD311916-94FB-4F55-AEFE-37FDAE58DF60}.Release|ARM.Build.0 = Release|Any CPU
		{CD311916-94FB-4F55-AEFE-37FDAE58DF60}.Release|x64.ActiveCfg = Release|Any CPU
		{CD311916-94FB-4F55-AEFE-37FDAE58DF60}.Release|x64.Build.0 = Release|Any CPU
		{CD311916-94FB-4F55-AEFE-37FDAE58DF60}.Release|x86.ActiveCfg = Release|Any CPU
		{CD311916-94FB-4F55-AEFE-37FDAE58DF60}.Release|x86.Build.0 = Release|Any CPU
		{323E6055-DDAA-4A02-BD78-A60DC20F4ABB}.Debug|Any CPU.ActiveCfg = Debug|Any CPU
		{323E6055-DDAA-4A02-BD78-A60DC20F4ABB}.Debug|Any CPU.Build.0 = Debug|Any CPU
		{323E6055-DDAA-4A02-BD78-A60DC20F4ABB}.Debug|ARM.ActiveCfg = Debug|ARM
		{323E6055-DDAA-4A02-BD78-A60DC20F4ABB}.Debug|ARM.Build.0 = Debug|ARM
		{323E6055-DDAA-4A02-BD78-A60DC20F4ABB}.Debug|x64.ActiveCfg = Debug|x64
		{323E6055-DDAA-4A02-BD78-A60DC20F4ABB}.Debug|x64.Build.0 = Debug|x64
		{323E6055-DDAA-4A02-BD78-A60DC20F4ABB}.Debug|x86.ActiveCfg = Debug|x86
		{323E6055-DDAA-4A02-BD78-A60DC20F4ABB}.Debug|x86.Build.0 = Debug|x86
		{323E6055-DDAA-4A02-BD78-A60DC20F4ABB}.Release|Any CPU.ActiveCfg = Release|Any CPU
		{323E6055-DDAA-4A02-BD78-A60DC20F4ABB}.Release|Any CPU.Build.0 = Release|Any CPU
		{323E6055-DDAA-4A02-BD78-A60DC20F4ABB}.Release|ARM.ActiveCfg = Release|ARM
		{323E6055-DDAA-4A02-BD78-A60DC20F4ABB}.Release|ARM.Build.0 = Release|ARM
		{323E6055-DDAA-4A02-BD78-A60DC20F4ABB}.Release|x64.ActiveCfg = Release|x64
		{323E6055-DDAA-4A02-BD78-A60DC20F4ABB}.Release|x64.Build.0 = Release|x64
		{323E6055-DDAA-4A02-BD78-A60DC20F4ABB}.Release|x86.ActiveCfg = Release|x86
		{323E6055-DDAA-4A02-BD78-A60DC20F4ABB}.Release|x86.Build.0 = Release|x86
		{3F0A5ECC-70F4-4118-8EBD-E513764448B1}.Debug|Any CPU.ActiveCfg = Debug|Any CPU
		{3F0A5ECC-70F4-4118-8EBD-E513764448B1}.Debug|Any CPU.Build.0 = Debug|Any CPU
		{3F0A5ECC-70F4-4118-8EBD-E513764448B1}.Debug|ARM.ActiveCfg = Debug|ARM
		{3F0A5ECC-70F4-4118-8EBD-E513764448B1}.Debug|ARM.Build.0 = Debug|ARM
		{3F0A5ECC-70F4-4118-8EBD-E513764448B1}.Debug|x64.ActiveCfg = Debug|x64
		{3F0A5ECC-70F4-4118-8EBD-E513764448B1}.Debug|x64.Build.0 = Debug|x64
		{3F0A5ECC-70F4-4118-8EBD-E513764448B1}.Debug|x86.ActiveCfg = Debug|x86
		{3F0A5ECC-70F4-4118-8EBD-E513764448B1}.Debug|x86.Build.0 = Debug|x86
		{3F0A5ECC-70F4-4118-8EBD-E513764448B1}.Release|Any CPU.ActiveCfg = Release|Any CPU
		{3F0A5ECC-70F4-4118-8EBD-E513764448B1}.Release|Any CPU.Build.0 = Release|Any CPU
		{3F0A5ECC-70F4-4118-8EBD-E513764448B1}.Release|ARM.ActiveCfg = Release|ARM
		{3F0A5ECC-70F4-4118-8EBD-E513764448B1}.Release|ARM.Build.0 = Release|ARM
		{3F0A5ECC-70F4-4118-8EBD-E513764448B1}.Release|x64.ActiveCfg = Release|x64
		{3F0A5ECC-70F4-4118-8EBD-E513764448B1}.Release|x64.Build.0 = Release|x64
		{3F0A5ECC-70F4-4118-8EBD-E513764448B1}.Release|x86.ActiveCfg = Release|x86
		{3F0A5ECC-70F4-4118-8EBD-E513764448B1}.Release|x86.Build.0 = Release|x86
	EndGlobalSection
	GlobalSection(SolutionProperties) = preSolution
		HideSolutionNode = FALSE
	EndGlobalSection
	GlobalSection(ExtensibilityGlobals) = postSolution
		SolutionGuid = {294A90D6-D624-4A3A-8AEA-FBACB7ACB108}
	EndGlobalSection
EndGlobal
